
Microsoft Visual Studio Solution File, Format Version 12.00
# Visual Studio Version 17
VisualStudioVersion = 17.14.37628.2
MinimumVisualStudioVersion = 10.0.40219.1
Project("{FAE04EC0-301F-11D3-BF4B-00C04F79EFBC}") = "Fiscal.API", "Fiscal.API\Fiscal.API.csproj", "{1D893987-E448-457F-87C6-E0D7F73D0FB4}"
EndProject
Global
	GlobalSection(SolutionConfigurationPlatforms) = preSolution
		Debug|Any CPU = Debug|Any CPU
		Release|Any CPU = Release|Any CPU
	EndGlobalSection
	GlobalSection(ProjectConfigurationPlatforms) = postSolution
		{1D893987-E448-457F-87C6-E0D7F73D0FB4}.Debug|Any CPU.ActiveCfg = Debug|Any CPU
		{1D893987-E448-457F-87C6-E0D7F73D0FB4}.Debug|Any CPU.Build.0 = Debug|Any CPU
		{1D893987-E448-457F-87C6-E0D7F73D0FB4}.Release|Any CPU.ActiveCfg = Release|Any CPU
		{1D893987-E448-457F-87C6-E0D7F73D0FB4}.Release|Any CPU.Build.0 = Release|Any CPU
	EndGlobalSection
	GlobalSection(SolutionProperties) = preSolution
		HideSolutionNode = FALSE
	EndGlobalSection
	GlobalSection(ExtensibilityGlobals) = postSolution
		SolutionGuid = {7820F096-24EE-4187-8791-E6BE25904674}
	EndGlobalSection
EndGlobal
